
Microsoft Visual Studio Solution File, Format Version 12.00
# Visual Studio Version 16
VisualStudioVersion = 16.0.30114.105
MinimumVisualStudioVersion = 10.0.40219.1
Project("{FAE04EC0-301F-11D3-BF4B-00C04F79EFBC}") = "blogdeployments.api", "blogdeployments.api\blogdeployments.api.csproj", "{31B82038-FA37-4CD6-878B-AE4CA60F4F6D}"
EndProject
Project("{FAE04EC0-301F-11D3-BF4B-00C04F79EFBC}") = "blogdeployments.power", "blogdeployments.power\blogdeployments.power.csproj", "{9D715FF4-072A-4D5C-A6BC-10332CCA8DF4}"
EndProject
Project("{FAE04EC0-301F-11D3-BF4B-00C04F79EFBC}") = "blogdeployments.repository", "blogdeployments.repository\blogdeployments.repository.csproj", "{AAC3E1C2-9101-4664-9AB1-281A1F524781}"
EndProject
Project("{FAE04EC0-301F-11D3-BF4B-00C04F79EFBC}") = "blogdeployments.shutdown", "blogdeployments.shutdown\blogdeployments.shutdown.csproj", "{ACE177FA-8B81-4E57-A1F7-E1E6AFA40C5C}"
EndProject
Project("{FAE04EC0-301F-11D3-BF4B-00C04F79EFBC}") = "blogdeployments.agent", "blogdeployments.agent\blogdeployments.agent.csproj", "{896D8E2C-A218-41F5-944A-752E740AC8EF}"
EndProject
Project("{FAE04EC0-301F-11D3-BF4B-00C04F79EFBC}") = "blogdeployments.events", "blogdeployments.events\blogdeployments.events.csproj", "{B2C82A62-D114-4BFA-BBB8-B9C5B48AA806}"
EndProject
Project("{FAE04EC0-301F-11D3-BF4B-00C04F79EFBC}") = "blogdeployments.domain", "blogdeployments.domain\blogdeployments.domain.csproj", "{15059680-9B04-461D-8B0A-F5EECE50393D}"
EndProject
Project("{FAE04EC0-301F-11D3-BF4B-00C04F79EFBC}") = "blogdeployments.power.tests", "blogdeployments.power.tests\blogdeployments.power.tests.csproj", "{060A3E33-5829-4220-BA60-E4DF2CF7345C}"
EndProject
Project("{FAE04EC0-301F-11D3-BF4B-00C04F79EFBC}") = "blogdeployments.repository.tests", "blogdeployments.repository.tests\blogdeployments.repository.tests.csproj", "{4AD0A90A-9968-4D4C-9F83-7D314D7C953D}"
EndProject
Global
	GlobalSection(SolutionConfigurationPlatforms) = preSolution
		Debug|Any CPU = Debug|Any CPU
		Release|Any CPU = Release|Any CPU
	EndGlobalSection
	GlobalSection(SolutionProperties) = preSolution
		HideSolutionNode = FALSE
	EndGlobalSection
	GlobalSection(ProjectConfigurationPlatforms) = postSolution
		{31B82038-FA37-4CD6-878B-AE4CA60F4F6D}.Debug|Any CPU.ActiveCfg = Debug|Any CPU
		{31B82038-FA37-4CD6-878B-AE4CA60F4F6D}.Debug|Any CPU.Build.0 = Debug|Any CPU
		{31B82038-FA37-4CD6-878B-AE4CA60F4F6D}.Release|Any CPU.ActiveCfg = Release|Any CPU
		{31B82038-FA37-4CD6-878B-AE4CA60F4F6D}.Release|Any CPU.Build.0 = Release|Any CPU
		{9D715FF4-072A-4D5C-A6BC-10332CCA8DF4}.Debug|Any CPU.ActiveCfg = Debug|Any CPU
		{9D715FF4-072A-4D5C-A6BC-10332CCA8DF4}.Debug|Any CPU.Build.0 = Debug|Any CPU
		{9D715FF4-072A-4D5C-A6BC-10332CCA8DF4}.Release|Any CPU.ActiveCfg = Release|Any CPU
		{9D715FF4-072A-4D5C-A6BC-10332CCA8DF4}.Release|Any CPU.Build.0 = Release|Any CPU
		{AAC3E1C2-9101-4664-9AB1-281A1F524781}.Debug|Any CPU.ActiveCfg = Debug|Any CPU
		{AAC3E1C2-9101-4664-9AB1-281A1F524781}.Debug|Any CPU.Build.0 = Debug|Any CPU
		{AAC3E1C2-9101-4664-9AB1-281A1F524781}.Release|Any CPU.ActiveCfg = Release|Any CPU
		{AAC3E1C2-9101-4664-9AB1-281A1F524781}.Release|Any CPU.Build.0 = Release|Any CPU
		{ACE177FA-8B81-4E57-A1F7-E1E6AFA40C5C}.Debug|Any CPU.ActiveCfg = Debug|Any CPU
		{ACE177FA-8B81-4E57-A1F7-E1E6AFA40C5C}.Debug|Any CPU.Build.0 = Debug|Any CPU
		{ACE177FA-8B81-4E57-A1F7-E1E6AFA40C5C}.Release|Any CPU.ActiveCfg = Release|Any CPU
		{ACE177FA-8B81-4E57-A1F7-E1E6AFA40C5C}.Release|Any CPU.Build.0 = Release|Any CPU
		{896D8E2C-A218-41F5-944A-752E740AC8EF}.Debug|Any CPU.ActiveCfg = Debug|Any CPU
		{896D8E2C-A218-41F5-944A-752E740AC8EF}.Debug|Any CPU.Build.0 = Debug|Any CPU
		{896D8E2C-A218-41F5-944A-752E740AC8EF}.Release|Any CPU.ActiveCfg = Release|Any CPU
		{896D8E2C-A218-41F5-944A-752E740AC8EF}.Release|Any CPU.Build.0 = Release|Any CPU
		{B2C82A62-D114-4BFA-BBB8-B9C5B48AA806}.Debug|Any CPU.ActiveCfg = Debug|Any CPU
		{B2C82A62-D114-4BFA-BBB8-B9C5B48AA806}.Debug|Any CPU.Build.0 = Debug|Any CPU
		{B2C82A62-D114-4BFA-BBB8-B9C5B48AA806}.Release|Any CPU.ActiveCfg = Release|Any CPU
		{B2C82A62-D114-4BFA-BBB8-B9C5B48AA806}.Release|Any CPU.Build.0 = Release|Any CPU
		{15059680-9B04-461D-8B0A-F5EECE50393D}.Debug|Any CPU.ActiveCfg = Debug|Any CPU
		{15059680-9B04-461D-8B0A-F5EECE50393D}.Debug|Any CPU.Build.0 = Debug|Any CPU
		{15059680-9B04-461D-8B0A-F5EECE50393D}.Release|Any CPU.ActiveCfg = Release|Any CPU
		{15059680-9B04-461D-8B0A-F5EECE50393D}.Release|Any CPU.Build.0 = Release|Any CPU
		{060A3E33-5829-4220-BA60-E4DF2CF7345C}.Debug|Any CPU.ActiveCfg = Debug|Any CPU
		{060A3E33-5829-4220-BA60-E4DF2CF7345C}.Debug|Any CPU.Build.0 = Debug|Any CPU
		{060A3E33-5829-4220-BA60-E4DF2CF7345C}.Release|Any CPU.ActiveCfg = Release|Any CPU
		{060A3E33-5829-4220-BA60-E4DF2CF7345C}.Release|Any CPU.Build.0 = Release|Any CPU
		{4AD0A90A-9968-4D4C-9F83-7D314D7C953D}.Debug|Any CPU.ActiveCfg = Debug|Any CPU
		{4AD0A90A-9968-4D4C-9F83-7D314D7C953D}.Debug|Any CPU.Build.0 = Debug|Any CPU
		{4AD0A90A-9968-4D4C-9F83-7D314D7C953D}.Release|Any CPU.ActiveCfg = Release|Any CPU
		{4AD0A90A-9968-4D4C-9F83-7D314D7C953D}.Release|Any CPU.Build.0 = Release|Any CPU
	EndGlobalSection
EndGlobal
