
Microsoft Visual Studio Solution File, Format Version 12.00
# Visual Studio Version 16
VisualStudioVersion = 16.0.30114.105
MinimumVisualStudioVersion = 10.0.40219.1
Project("{FAE04EC0-301F-11D3-BF4B-00C04F79EFBC}") = "blogdeployments.api", "blogdeployments.api\blogdeployments.api.csproj", "{31B82038-FA37-4CD6-878B-AE4CA60F4F6D}"
EndProject
Project("{FAE04EC0-301F-11D3-BF4B-00C04F79EFBC}") = "blogdeployments.power", "blogdeployments.power\blogdeployments.power.csproj", "{9D715FF4-072A-4D5C-A6BC-10332CCA8DF4}"
EndProject
Project("{FAE04EC0-301F-11D3-BF4B-00C04F79EFBC}") = "blogdeployments.repository", "blogdeployments.repository\blogdeployments.repository.csproj", "{AAC3E1C2-9101-4664-9AB1-281A1F524781}"
EndProject
Project("{FAE04EC0-301F-11D3-BF4B-00C04F79EFBC}") = "blogdeployments.shutdown", "blogdeployments.shutdown\blogdeployments.shutdown.csproj", "{ACE177FA-8B81-4E57-A1F7-E1E6AFA40C5C}"
EndProject
Project("{FAE04EC0-301F-11D3-BF4B-00C04F79EFBC}") = "blogdeployments.agent", "blogdeployments.agent\blogdeployments.agent.csproj", "{896D8E2C-A218-41F5-944A-752E740AC8EF}"
EndProject
Project("{FAE04EC0-301F-11D3-BF4B-00C04F79EFBC}") = "blogdeployments.events", "blogdeployments.events\blogdeployments.events.csproj", "{B2C82A62-D114-4BFA-BBB8-B9C5B48AA806}"
EndProject
Project("{FAE04EC0-301F-11D3-BF4B-00C04F79EFBC}") = "blogdeployments.domain", "blogdeployments.domain\blogdeployments.domain.csproj", "{15059680-9B04-461D-8B0A-F5EECE50393D}"
EndProject
Project("{FAE04EC0-301F-11D3-BF4B-00C04F79EFBC}") = "blogdeployments.power.tests", "blogdeployments.power.tests\blogdeployments.power.tests.csproj", "{060A3E33-5829-4220-BA60-E4DF2CF7345C}"
EndProject
Project("{FAE04EC0-301F-11D3-BF4B-00C04F79EFBC}") = "blogdeployments.azurereceiver", "blogdeployments.azurereceiver\blogdeployments.azurereceiver.csproj", "{7255E661-FC67-4EA1-9E23-9E7178A30CB2}"
EndProject
Project("{FAE04EC0-301F-11D3-BF4B-00C04F79EFBC}") = "blogdeployments.handler", "blogdeployments.handler\blogdeployments.handler.csproj", "{A59C4E10-C985-4D1D-BCC5-73266C8CE158}"
EndProject
Project("{FAE04EC0-301F-11D3-BF4B-00C04F79EFBC}") = "blogdeployments.dockeragent", "blogdeployments.dockeragent\blogdeployments.dockeragent.csproj", "{5B68FB15-43F7-402F-A0EC-D4F2E8A643CF}"
EndProject
Project("{FAE04EC0-301F-11D3-BF4B-00C04F79EFBC}") = "blogdeployments.ui", "blogdeployments.ui\blogdeployments.ui.csproj", "{160AD65A-93DB-46BC-969C-76819036DF69}"
EndProject
Project("{FAE04EC0-301F-11D3-BF4B-00C04F79EFBC}") = "blogdeployments.instrumentation", "blogdeployments.instrumentation\blogdeployments.instrumentation.csproj", "{0CBE8FF7-D94B-494F-AFBE-2EE99474AADD}"
EndProject
Project("{2150E333-8FDC-42A3-9474-1A3956D46DE8}") = "containers", "containers", "{D562A733-9493-4EAA-BF53-63821FC940D1}"
	ProjectSection(SolutionItems) = preProject
		docker-compose.dev.yaml = docker-compose.dev.yaml
		docker-compose.int.yaml = docker-compose.int.yaml
		otel-collector-config.yaml = otel-collector-config.yaml
		deploy.sh = deploy.sh
		.deploy.sh = .deploy.sh
	EndProjectSection
EndProject
Project("{2150E333-8FDC-42A3-9474-1A3956D46DE8}") = "scripts", "scripts", "{C76FF7F3-5B7A-4EE6-BD87-6B8443B4E91C}"
	ProjectSection(SolutionItems) = preProject
		deploy.sh = deploy.sh
	EndProjectSection
EndProject
Global
	GlobalSection(SolutionConfigurationPlatforms) = preSolution
		Debug|Any CPU = Debug|Any CPU
		Release|Any CPU = Release|Any CPU
	EndGlobalSection
	GlobalSection(SolutionProperties) = preSolution
		HideSolutionNode = FALSE
	EndGlobalSection
	GlobalSection(ProjectConfigurationPlatforms) = postSolution
		{31B82038-FA37-4CD6-878B-AE4CA60F4F6D}.Debug|Any CPU.ActiveCfg = Debug|Any CPU
		{31B82038-FA37-4CD6-878B-AE4CA60F4F6D}.Debug|Any CPU.Build.0 = Debug|Any CPU
		{31B82038-FA37-4CD6-878B-AE4CA60F4F6D}.Release|Any CPU.ActiveCfg = Release|Any CPU
		{31B82038-FA37-4CD6-878B-AE4CA60F4F6D}.Release|Any CPU.Build.0 = Release|Any CPU
		{9D715FF4-072A-4D5C-A6BC-10332CCA8DF4}.Debug|Any CPU.ActiveCfg = Debug|Any CPU
		{9D715FF4-072A-4D5C-A6BC-10332CCA8DF4}.Debug|Any CPU.Build.0 = Debug|Any CPU
		{9D715FF4-072A-4D5C-A6BC-10332CCA8DF4}.Release|Any CPU.ActiveCfg = Release|Any CPU
		{9D715FF4-072A-4D5C-A6BC-10332CCA8DF4}.Release|Any CPU.Build.0 = Release|Any CPU
		{AAC3E1C2-9101-4664-9AB1-281A1F524781}.Debug|Any CPU.ActiveCfg = Debug|Any CPU
		{AAC3E1C2-9101-4664-9AB1-281A1F524781}.Debug|Any CPU.Build.0 = Debug|Any CPU
		{AAC3E1C2-9101-4664-9AB1-281A1F524781}.Release|Any CPU.ActiveCfg = Release|Any CPU
		{AAC3E1C2-9101-4664-9AB1-281A1F524781}.Release|Any CPU.Build.0 = Release|Any CPU
		{ACE177FA-8B81-4E57-A1F7-E1E6AFA40C5C}.Debug|Any CPU.ActiveCfg = Debug|Any CPU
		{ACE177FA-8B81-4E57-A1F7-E1E6AFA40C5C}.Debug|Any CPU.Build.0 = Debug|Any CPU
		{ACE177FA-8B81-4E57-A1F7-E1E6AFA40C5C}.Release|Any CPU.ActiveCfg = Release|Any CPU
		{ACE177FA-8B81-4E57-A1F7-E1E6AFA40C5C}.Release|Any CPU.Build.0 = Release|Any CPU
		{896D8E2C-A218-41F5-944A-752E740AC8EF}.Debug|Any CPU.ActiveCfg = Debug|Any CPU
		{896D8E2C-A218-41F5-944A-752E740AC8EF}.Debug|Any CPU.Build.0 = Debug|Any CPU
		{896D8E2C-A218-41F5-944A-752E740AC8EF}.Release|Any CPU.ActiveCfg = Release|Any CPU
		{896D8E2C-A218-41F5-944A-752E740AC8EF}.Release|Any CPU.Build.0 = Release|Any CPU
		{B2C82A62-D114-4BFA-BBB8-B9C5B48AA806}.Debug|Any CPU.ActiveCfg = Debug|Any CPU
		{B2C82A62-D114-4BFA-BBB8-B9C5B48AA806}.Debug|Any CPU.Build.0 = Debug|Any CPU
		{B2C82A62-D114-4BFA-BBB8-B9C5B48AA806}.Release|Any CPU.ActiveCfg = Release|Any CPU
		{B2C82A62-D114-4BFA-BBB8-B9C5B48AA806}.Release|Any CPU.Build.0 = Release|Any CPU
		{15059680-9B04-461D-8B0A-F5EECE50393D}.Debug|Any CPU.ActiveCfg = Debug|Any CPU
		{15059680-9B04-461D-8B0A-F5EECE50393D}.Debug|Any CPU.Build.0 = Debug|Any CPU
		{15059680-9B04-461D-8B0A-F5EECE50393D}.Release|Any CPU.ActiveCfg = Release|Any CPU
		{15059680-9B04-461D-8B0A-F5EECE50393D}.Release|Any CPU.Build.0 = Release|Any CPU
		{060A3E33-5829-4220-BA60-E4DF2CF7345C}.Debug|Any CPU.ActiveCfg = Debug|Any CPU
		{060A3E33-5829-4220-BA60-E4DF2CF7345C}.Debug|Any CPU.Build.0 = Debug|Any CPU
		{060A3E33-5829-4220-BA60-E4DF2CF7345C}.Release|Any CPU.ActiveCfg = Release|Any CPU
		{060A3E33-5829-4220-BA60-E4DF2CF7345C}.Release|Any CPU.Build.0 = Release|Any CPU
		{7255E661-FC67-4EA1-9E23-9E7178A30CB2}.Debug|Any CPU.ActiveCfg = Debug|Any CPU
		{7255E661-FC67-4EA1-9E23-9E7178A30CB2}.Debug|Any CPU.Build.0 = Debug|Any CPU
		{7255E661-FC67-4EA1-9E23-9E7178A30CB2}.Release|Any CPU.ActiveCfg = Release|Any CPU
		{7255E661-FC67-4EA1-9E23-9E7178A30CB2}.Release|Any CPU.Build.0 = Release|Any CPU
		{A59C4E10-C985-4D1D-BCC5-73266C8CE158}.Debug|Any CPU.ActiveCfg = Debug|Any CPU
		{A59C4E10-C985-4D1D-BCC5-73266C8CE158}.Debug|Any CPU.Build.0 = Debug|Any CPU
		{A59C4E10-C985-4D1D-BCC5-73266C8CE158}.Release|Any CPU.ActiveCfg = Release|Any CPU
		{A59C4E10-C985-4D1D-BCC5-73266C8CE158}.Release|Any CPU.Build.0 = Release|Any CPU
		{5B68FB15-43F7-402F-A0EC-D4F2E8A643CF}.Debug|Any CPU.ActiveCfg = Debug|Any CPU
		{5B68FB15-43F7-402F-A0EC-D4F2E8A643CF}.Debug|Any CPU.Build.0 = Debug|Any CPU
		{5B68FB15-43F7-402F-A0EC-D4F2E8A643CF}.Release|Any CPU.ActiveCfg = Release|Any CPU
		{5B68FB15-43F7-402F-A0EC-D4F2E8A643CF}.Release|Any CPU.Build.0 = Release|Any CPU
		{160AD65A-93DB-46BC-969C-76819036DF69}.Debug|Any CPU.ActiveCfg = Debug|Any CPU
		{160AD65A-93DB-46BC-969C-76819036DF69}.Debug|Any CPU.Build.0 = Debug|Any CPU
		{160AD65A-93DB-46BC-969C-76819036DF69}.Release|Any CPU.ActiveCfg = Release|Any CPU
		{160AD65A-93DB-46BC-969C-76819036DF69}.Release|Any CPU.Build.0 = Release|Any CPU
		{0CBE8FF7-D94B-494F-AFBE-2EE99474AADD}.Debug|Any CPU.ActiveCfg = Debug|Any CPU
		{0CBE8FF7-D94B-494F-AFBE-2EE99474AADD}.Debug|Any CPU.Build.0 = Debug|Any CPU
		{0CBE8FF7-D94B-494F-AFBE-2EE99474AADD}.Release|Any CPU.ActiveCfg = Release|Any CPU
		{0CBE8FF7-D94B-494F-AFBE-2EE99474AADD}.Release|Any CPU.Build.0 = Release|Any CPU
	EndGlobalSection
EndGlobal
